
Microsoft Visual Studio Solution File, Format Version 12.00
# Visual Studio Version 17
VisualStudioVersion = 17.2.32526.322
MinimumVisualStudioVersion = 10.0.40219.1
Project("{FAE04EC0-301F-11D3-BF4B-00C04F79EFBC}") = "SistemaEscolar", "SistemaEscolar.csproj", "{CBC916E3-90AA-499F-9E8F-1A43259EBFE5}"
EndProject
Global
	GlobalSection(SolutionConfigurationPlatforms) = preSolution
		Debug|Any CPU = Debug|Any CPU
		Release|Any CPU = Release|Any CPU
	EndGlobalSection
	GlobalSection(ProjectConfigurationPlatforms) = postSolution
		{CBC916E3-90AA-499F-9E8F-1A43259EBFE5}.Debug|Any CPU.ActiveCfg = Debug|Any CPU
		{CBC916E3-90AA-499F-9E8F-1A43259EBFE5}.Debug|Any CPU.Build.0 = Debug|Any CPU
		{CBC916E3-90AA-499F-9E8F-1A43259EBFE5}.Release|Any CPU.ActiveCfg = Release|Any CPU
		{CBC916E3-90AA-499F-9E8F-1A43259EBFE5}.Release|Any CPU.Build.0 = Release|Any CPU
	EndGlobalSection
	GlobalSection(SolutionProperties) = preSolution
		HideSolutionNode = FALSE
	EndGlobalSection
	GlobalSection(ExtensibilityGlobals) = postSolution
		SolutionGuid = {4E791BC4-EEF5-4EF0-9258-9AD951D233BF}
	EndGlobalSection
EndGlobal
